
Microsoft Visual Studio Solution File, Format Version 11.00
# Visual Studio 2010
Project("{FAE04EC0-301F-11D3-BF4B-00C04F79EFBC}") = "UniTask", "UniTask.csproj", "{130f5aeb-86dc-7e13-11e6-f984b564442b}"
EndProject
Project("{FAE04EC0-301F-11D3-BF4B-00C04F79EFBC}") = "Assembly-CSharp", "Assembly-CSharp.csproj", "{4fd550ad-9c08-2282-9aca-d05278afb887}"
EndProject
Project("{FAE04EC0-301F-11D3-BF4B-00C04F79EFBC}") = "UniTask.Linq", "UniTask.Linq.csproj", "{4a28f613-ec33-884e-0a9f-6e7c182b1ada}"
EndProject
Project("{FAE04EC0-301F-11D3-BF4B-00C04F79EFBC}") = "Xlua.Core", "Xlua.Core.csproj", "{263c57c7-28b7-b8c9-55a4-c533a805b0c5}"
EndProject
Project("{FAE04EC0-301F-11D3-BF4B-00C04F79EFBC}") = "UniTask.DOTween", "UniTask.DOTween.csproj", "{27eed5ed-6df7-7815-c067-45e4d5aa4cd8}"
EndProject
Project("{FAE04EC0-301F-11D3-BF4B-00C04F79EFBC}") = "Sirenix.OdinInspector.CompatibilityLayer", "Sirenix.OdinInspector.CompatibilityLayer.csproj", "{2856f6b1-0fd0-62cb-f9ea-9ae3ccec4fba}"
EndProject
Project("{FAE04EC0-301F-11D3-BF4B-00C04F79EFBC}") = "UniTask.TextMeshPro", "UniTask.TextMeshPro.csproj", "{3b62d0e5-652a-c014-9624-92324a4dc457}"
EndProject
Project("{FAE04EC0-301F-11D3-BF4B-00C04F79EFBC}") = "UniTask.Addressables", "UniTask.Addressables.csproj", "{1538952e-a041-4aa3-cc56-1439721f04a7}"
EndProject
Project("{FAE04EC0-301F-11D3-BF4B-00C04F79EFBC}") = "Sirenix.OdinInspector.CompatibilityLayer.Editor", "Sirenix.OdinInspector.CompatibilityLayer.Editor.csproj", "{1d66cc49-c9fa-360c-1ad3-57e760252b70}"
EndProject
Project("{FAE04EC0-301F-11D3-BF4B-00C04F79EFBC}") = "UniTask.Editor", "UniTask.Editor.csproj", "{d85917f7-394a-7004-6134-5931357a6269}"
EndProject
Project("{FAE04EC0-301F-11D3-BF4B-00C04F79EFBC}") = "Assembly-CSharp-Editor", "Assembly-CSharp-Editor.csproj", "{ca8fb09a-4e8f-5703-1b0b-a2c731873002}"
EndProject
Project("{FAE04EC0-301F-11D3-BF4B-00C04F79EFBC}") = "Xlua.Core.Editor", "Xlua.Core.Editor.csproj", "{19ddc236-ee39-bf24-83f8-d9d2cdc8c200}"
EndProject
Project("{FAE04EC0-301F-11D3-BF4B-00C04F79EFBC}") = "Sirenix.OdinInspector.Modules.UnityMathematics", "Sirenix.OdinInspector.Modules.UnityMathematics.csproj", "{ebccfe16-7210-235d-f02f-8f3de0a912da}"
EndProject
Project("{FAE04EC0-301F-11D3-BF4B-00C04F79EFBC}") = "Assembly-CSharp-firstpass", "Assembly-CSharp-firstpass.csproj", "{db6eb9e8-012c-95fe-2bf1-d0ecba0426c7}"
EndProject
Project("{FAE04EC0-301F-11D3-BF4B-00C04F79EFBC}") = "Assembly-CSharp-Editor-firstpass", "Assembly-CSharp-Editor-firstpass.csproj", "{c05cb1ee-9477-5dbb-fcc6-0f09f06288cb}"
EndProject
Global
	GlobalSection(SolutionConfigurationPlatforms) = preSolution
		Debug|Any CPU = Debug|Any CPU
	EndGlobalSection
	GlobalSection(ProjectConfigurationPlatforms) = postSolution
		{130f5aeb-86dc-7e13-11e6-f984b564442b}.Debug|Any CPU.ActiveCfg = Debug|Any CPU
		{130f5aeb-86dc-7e13-11e6-f984b564442b}.Debug|Any CPU.Build.0 = Debug|Any CPU
		{4fd550ad-9c08-2282-9aca-d05278afb887}.Debug|Any CPU.ActiveCfg = Debug|Any CPU
		{4fd550ad-9c08-2282-9aca-d05278afb887}.Debug|Any CPU.Build.0 = Debug|Any CPU
		{4a28f613-ec33-884e-0a9f-6e7c182b1ada}.Debug|Any CPU.ActiveCfg = Debug|Any CPU
		{4a28f613-ec33-884e-0a9f-6e7c182b1ada}.Debug|Any CPU.Build.0 = Debug|Any CPU
		{263c57c7-28b7-b8c9-55a4-c533a805b0c5}.Debug|Any CPU.ActiveCfg = Debug|Any CPU
		{263c57c7-28b7-b8c9-55a4-c533a805b0c5}.Debug|Any CPU.Build.0 = Debug|Any CPU
		{27eed5ed-6df7-7815-c067-45e4d5aa4cd8}.Debug|Any CPU.ActiveCfg = Debug|Any CPU
		{27eed5ed-6df7-7815-c067-45e4d5aa4cd8}.Debug|Any CPU.Build.0 = Debug|Any CPU
		{2856f6b1-0fd0-62cb-f9ea-9ae3ccec4fba}.Debug|Any CPU.ActiveCfg = Debug|Any CPU
		{2856f6b1-0fd0-62cb-f9ea-9ae3ccec4fba}.Debug|Any CPU.Build.0 = Debug|Any CPU
		{3b62d0e5-652a-c014-9624-92324a4dc457}.Debug|Any CPU.ActiveCfg = Debug|Any CPU
		{3b62d0e5-652a-c014-9624-92324a4dc457}.Debug|Any CPU.Build.0 = Debug|Any CPU
		{1538952e-a041-4aa3-cc56-1439721f04a7}.Debug|Any CPU.ActiveCfg = Debug|Any CPU
		{1538952e-a041-4aa3-cc56-1439721f04a7}.Debug|Any CPU.Build.0 = Debug|Any CPU
		{1d66cc49-c9fa-360c-1ad3-57e760252b70}.Debug|Any CPU.ActiveCfg = Debug|Any CPU
		{1d66cc49-c9fa-360c-1ad3-57e760252b70}.Debug|Any CPU.Build.0 = Debug|Any CPU
		{d85917f7-394a-7004-6134-5931357a6269}.Debug|Any CPU.ActiveCfg = Debug|Any CPU
		{d85917f7-394a-7004-6134-5931357a6269}.Debug|Any CPU.Build.0 = Debug|Any CPU
		{ca8fb09a-4e8f-5703-1b0b-a2c731873002}.Debug|Any CPU.ActiveCfg = Debug|Any CPU
		{ca8fb09a-4e8f-5703-1b0b-a2c731873002}.Debug|Any CPU.Build.0 = Debug|Any CPU
		{19ddc236-ee39-bf24-83f8-d9d2cdc8c200}.Debug|Any CPU.ActiveCfg = Debug|Any CPU
		{19ddc236-ee39-bf24-83f8-d9d2cdc8c200}.Debug|Any CPU.Build.0 = Debug|Any CPU
		{ebccfe16-7210-235d-f02f-8f3de0a912da}.Debug|Any CPU.ActiveCfg = Debug|Any CPU
		{ebccfe16-7210-235d-f02f-8f3de0a912da}.Debug|Any CPU.Build.0 = Debug|Any CPU
		{db6eb9e8-012c-95fe-2bf1-d0ecba0426c7}.Debug|Any CPU.ActiveCfg = Debug|Any CPU
		{db6eb9e8-012c-95fe-2bf1-d0ecba0426c7}.Debug|Any CPU.Build.0 = Debug|Any CPU
		{c05cb1ee-9477-5dbb-fcc6-0f09f06288cb}.Debug|Any CPU.ActiveCfg = Debug|Any CPU
		{c05cb1ee-9477-5dbb-fcc6-0f09f06288cb}.Debug|Any CPU.Build.0 = Debug|Any CPU
	EndGlobalSection
	GlobalSection(SolutionProperties) = preSolution
		HideSolutionNode = FALSE
	EndGlobalSection
EndGlobal
